// !$*UTF8*$!
{
	archiveVersion = 1;
	classes = {
	};
	objectVersion = 46;
	objects = {

/* Begin PBXBuildFile section */
		7602650F1BFA140F00144CA3 /* AppDelegate.swift in Sources */ = {isa = PBXBuildFile; fileRef = 7602650E1BFA140F00144CA3 /* AppDelegate.swift */; };
		760265111BFA140F00144CA3 /* ViewController.swift in Sources */ = {isa = PBXBuildFile; fileRef = 760265101BFA140F00144CA3 /* ViewController.swift */; };
		760265141BFA140F00144CA3 /* Main.storyboard in Resources */ = {isa = PBXBuildFile; fileRef = 760265121BFA140F00144CA3 /* Main.storyboard */; };
		760265161BFA140F00144CA3 /* Assets.xcassets in Resources */ = {isa = PBXBuildFile; fileRef = 760265151BFA140F00144CA3 /* Assets.xcassets */; };
		760265191BFA140F00144CA3 /* LaunchScreen.storyboard in Resources */ = {isa = PBXBuildFile; fileRef = 760265171BFA140F00144CA3 /* LaunchScreen.storyboard */; };
/* End PBXBuildFile section */

/* Begin PBXFileReference section */
		7602650B1BFA140F00144CA3 /* TENFacebook.app */ = {isa = PBXFileReference; explicitFileType = wrapper.application; includeInIndex = 0; path = TENFacebook.app; sourceTree = BUILT_PRODUCTS_DIR; };
		7602650E1BFA140F00144CA3 /* AppDelegate.swift */ = {isa = PBXFileReference; lastKnownFileType = sourcecode.swift; path = AppDelegate.swift; sourceTree = "<group>"; };
		760265101BFA140F00144CA3 /* ViewController.swift */ = {isa = PBXFileReference; lastKnownFileType = sourcecode.swift; path = ViewController.swift; sourceTree = "<group>"; };
		760265131BFA140F00144CA3 /* Base */ = {isa = PBXFileReference; lastKnownFileType = file.storyboard; name = Base; path = Base.lproj/Main.storyboard; sourceTree = "<group>"; };
		760265151BFA140F00144CA3 /* Assets.xcassets */ = {isa = PBXFileReference; lastKnownFileType = folder.assetcatalog; path = Assets.xcassets; sourceTree = "<group>"; };
		760265181BFA140F00144CA3 /* Base */ = {isa = PBXFileReference; lastKnownFileType = file.storyboard; name = Base; path = Base.lproj/LaunchScreen.storyboard; sourceTree = "<group>"; };
		7602651A1BFA140F00144CA3 /* Info.plist */ = {isa = PBXFileReference; lastKnownFileType = text.plist.xml; path = Info.plist; sourceTree = "<group>"; };
/* End PBXFileReference section */

/* Begin PBXFrameworksBuildPhase section */
		760265081BFA140F00144CA3 /* Frameworks */ = {
			isa = PBXFrameworksBuildPhase;
			buildActionMask = 2147483647;
			files = (
			);
			runOnlyForDeploymentPostprocessing = 0;
		};
/* End PBXFrameworksBuildPhase section */

/* Begin PBXGroup section */
		760265021BFA140F00144CA3 = {
			isa = PBXGroup;
			children = (
				7602650D1BFA140F00144CA3 /* TENFacebook */,
				7602650C1BFA140F00144CA3 /* Products */,
			);
			sourceTree = "<group>";
		};
		7602650C1BFA140F00144CA3 /* Products */ = {
			isa = PBXGroup;
			children = (
				7602650B1BFA140F00144CA3 /* TENFacebook.app */,
			);
			name = Products;
			sourceTree = "<group>";
		};
		7602650D1BFA140F00144CA3 /* TENFacebook */ = {
			isa = PBXGroup;
			children = (
				7602650E1BFA140F00144CA3 /* AppDelegate.swift */,
				760265101BFA140F00144CA3 /* ViewController.swift */,
				760265121BFA140F00144CA3 /* Main.storyboard */,
				760265151BFA140F00144CA3 /* Assets.xcassets */,
				760265171BFA140F00144CA3 /* LaunchScreen.storyboard */,
				7602651A1BFA140F00144CA3 /* Info.plist */,
			);
			path = TENFacebook;
			sourceTree = "<group>";
		};
/* End PBXGroup section */

/* Begin PBXNativeTarget section */
		7602650A1BFA140F00144CA3 /* TENFacebook */ = {
			isa = PBXNativeTarget;
			buildConfigurationList = 7602651D1BFA140F00144CA3 /* Build configuration list for PBXNativeTarget "TENFacebook" */;
			buildPhases = (
				760265071BFA140F00144CA3 /* Sources */,
				760265081BFA140F00144CA3 /* Frameworks */,
				760265091BFA140F00144CA3 /* Resources */,
			);
			buildRules = (
			);
			dependencies = (
			);
			name = TENFacebook;
			productName = TENFacebook;
			productReference = 7602650B1BFA140F00144CA3 /* TENFacebook.app */;
			productType = "com.apple.product-type.application";
		};
/* End PBXNativeTarget section */

/* Begin PBXProject section */
		760265031BFA140F00144CA3 /* Project object */ = {
			isa = PBXProject;
			attributes = {
				LastSwiftUpdateCheck = 0710;
				LastUpgradeCheck = 0710;
				ORGANIZATIONNAME = 444ten;
				TargetAttributes = {
					7602650A1BFA140F00144CA3 = {
						CreatedOnToolsVersion = 7.1;
					};
				};
			};
			buildConfigurationList = 760265061BFA140F00144CA3 /* Build configuration list for PBXProject "TENFacebook" */;
			compatibilityVersion = "Xcode 3.2";
			developmentRegion = English;
			hasScannedForEncodings = 0;
			knownRegions = (
				en,
				Base,
			);
			mainGroup = 760265021BFA140F00144CA3;
			productRefGroup = 7602650C1BFA140F00144CA3 /* Products */;
			projectDirPath = "";
			projectRoot = "";
			targets = (
				7602650A1BFA140F00144CA3 /* TENFacebook */,
			);
		};
/* End PBXProject section */

/* Begin PBXResourcesBuildPhase section */
		760265091BFA140F00144CA3 /* Resources */ = {
			isa = PBXResourcesBuildPhase;
			buildActionMask = 2147483647;
			files = (
				760265191BFA140F00144CA3 /* LaunchScreen.storyboard in Resources */,
				760265161BFA140F00144CA3 /* Assets.xcassets in Resources */,
				760265141BFA140F00144CA3 /* Main.storyboard in Resources */,
			);
			runOnlyForDeploymentPostprocessing = 0;
		};
/* End PBXResourcesBuildPhase section */

/* Begin PBXSourcesBuildPhase section */
		760265071BFA140F00144CA3 /* Sources */ = {
			isa = PBXSourcesBuildPhase;
			buildActionMask = 2147483647;
			files = (
				760265111BFA140F00144CA3 /* ViewController.swift in Sources */,
				7602650F1BFA140F00144CA3 /* AppDelegate.swift in Sources */,
			);
			runOnlyForDeploymentPostprocessing = 0;
		};
/* End PBXSourcesBuildPhase section */

/* Begin PBXVariantGroup section */
		760265121BFA140F00144CA3 /* Main.storyboard */ = {
			isa = PBXVariantGroup;
			children = (
				760265131BFA140F00144CA3 /* Base */,
			);
			name = Main.storyboard;
			sourceTree = "<group>";
		};
		760265171BFA140F00144CA3 /* LaunchScreen.storyboard */ = {
			isa = PBXVariantGroup;
			children = (
				760265181BFA140F00144CA3 /* Base */,
			);
			name = LaunchScreen.storyboard;
			sourceTree = "<group>";
		};
/* End PBXVariantGroup section */

/* Begin XCBuildConfiguration section */
		7602651B1BFA140F00144CA3 /* Debug */ = {
			isa = XCBuildConfiguration;
			buildSettings = {
				ALWAYS_SEARCH_USER_PATHS = NO;
				CLANG_CXX_LANGUAGE_STANDARD = "gnu++0x";
				CLANG_CXX_LIBRARY = "libc++";
				CLANG_ENABLE_MODULES = YES;
				CLANG_ENABLE_OBJC_ARC = YES;
				CLANG_WARN_BOOL_CONVERSION = YES;
				CLANG_WARN_CONSTANT_CONVERSION = YES;
				CLANG_WARN_DIRECT_OBJC_ISA_USAGE = YES_ERROR;
				CLANG_WARN_EMPTY_BODY = YES;
				CLANG_WARN_ENUM_CONVERSION = YES;
				CLANG_WARN_INT_CONVERSION = YES;
				CLANG_WARN_OBJC_ROOT_CLASS = YES_ERROR;
				CLANG_WARN_UNREACHABLE_CODE = YES;
				CLANG_WARN__DUPLICATE_METHOD_MATCH = YES;
				"CODE_SIGN_IDENTITY[sdk=iphoneos*]" = "iPhone Developer";
				COPY_PHASE_STRIP = NO;
				DEBUG_INFORMATION_FORMAT = dwarf;
				ENABLE_STRICT_OBJC_MSGSEND = YES;
				ENABLE_TESTABILITY = YES;
				GCC_C_LANGUAGE_STANDARD = gnu99;
				GCC_DYNAMIC_NO_PIC = NO;
				GCC_NO_COMMON_BLOCKS = YES;
				GCC_OPTIMIZATION_LEVEL = 0;
				GCC_PREPROCESSOR_DEFINITIONS = (
					"DEBUG=1",
					"$(inherited)",
				);
				GCC_WARN_64_TO_32_BIT_CONVERSION = YES;
				GCC_WARN_ABOUT_RETURN_TYPE = YES_ERROR;
				GCC_WARN_UNDECLARED_SELECTOR = YES;
				GCC_WARN_UNINITIALIZED_AUTOS = YES_AGGRESSIVE;
				GCC_WARN_UNUSED_FUNCTION = YES;
				GCC_WARN_UNUSED_VARIABLE = YES;
				IPHONEOS_DEPLOYMENT_TARGET = 9.1;
				MTL_ENABLE_DEBUG_INFO = YES;
				ONLY_ACTIVE_ARCH = YES;
				SDKROOT = iphoneos;
				SWIFT_OPTIMIZATION_LEVEL = "-Onone";
				TARGETED_DEVICE_FAMILY = "1,2";
			};
			name = Debug;
		};
		7602651C1BFA140F00144CA3 /* Release */ = {
			isa = XCBuildConfiguration;
			buildSettings = {
				ALWAYS_SEARCH_USER_PATHS = NO;
				CLANG_CXX_LANGUAGE_STANDARD = "gnu++0x";
				CLANG_CXX_LIBRARY = "libc++";
				CLANG_ENABLE_MODULES = YES;
				CLANG_ENABLE_OBJC_ARC = YES;
				CLANG_WARN_BOOL_CONVERSION = YES;
				CLANG_WARN_CONSTANT_CONVERSION = YES;
				CLANG_WARN_DIRECT_OBJC_ISA_USAGE = YES_ERROR;
				CLANG_WARN_EMPTY_BODY = YES;
				CLANG_WARN_ENUM_CONVERSION = YES;
				CLANG_WARN_INT_CONVERSION = YES;
				CLANG_WARN_OBJC_ROOT_CLASS = YES_ERROR;
				CLANG_WARN_UNREACHABLE_CODE = YES;
				CLANG_WARN__DUPLICATE_METHOD_MATCH = YES;
				"CODE_SIGN_IDENTITY[sdk=iphoneos*]" = "iPhone Developer";
				COPY_PHASE_STRIP = NO;
				DEBUG_INFORMATION_FORMAT = "dwarf-with-dsym";
				ENABLE_NS_ASSERTIONS = NO;
				ENABLE_STRICT_OBJC_MSGSEND = YES;
				GCC_C_LANGUAGE_STANDARD = gnu99;
				GCC_NO_COMMON_BLOCKS = YES;
				GCC_WARN_64_TO_32_BIT_CONVERSION = YES;
				GCC_WARN_ABOUT_RETURN_TYPE = YES_ERROR;
				GCC_WARN_UNDECLARED_SELECTOR = YES;
				GCC_WARN_UNINITIALIZED_AUTOS = YES_AGGRESSIVE;
				GCC_WARN_UNUSED_FUNCTION = YES;
				GCC_WARN_UNUSED_VARIABLE = YES;
				IPHONEOS_DEPLOYMENT_TARGET = 9.1;
				MTL_ENABLE_DEBUG_INFO = NO;
				SDKROOT = iphoneos;
				TARGETED_DEVICE_FAMILY = "1,2";
				VALIDATE_PRODUCT = YES;
			};
			name = Release;
		};
		7602651E1BFA140F00144CA3 /* Debug */ = {
			isa = XCBuildConfiguration;
			buildSettings = {
				ASSETCATALOG_COMPILER_APPICON_NAME = AppIcon;
				INFOPLIST_FILE = TENFacebook/Info.plist;
				LD_RUNPATH_SEARCH_PATHS = "$(inherited) @executable_path/Frameworks";
				PRODUCT_BUNDLE_IDENTIFIER = "-44ten.TENFacebook";
				PRODUCT_NAME = "$(TARGET_NAME)";
			};
			name = Debug;
		};
		7602651F1BFA140F00144CA3 /* Release */ = {
			isa = XCBuildConfiguration;
			buildSettings = {
				ASSETCATALOG_COMPILER_APPICON_NAME = AppIcon;
				INFOPLIST_FILE = TENFacebook/Info.plist;
				LD_RUNPATH_SEARCH_PATHS = "$(inherited) @executable_path/Frameworks";
				PRODUCT_BUNDLE_IDENTIFIER = "-44ten.TENFacebook";
				PRODUCT_NAME = "$(TARGET_NAME)";
			};
			name = Release;
		};
/* End XCBuildConfiguration section */

/* Begin XCConfigurationList section */
		760265061BFA140F00144CA3 /* Build configuration list for PBXProject "TENFacebook" */ = {
			isa = XCConfigurationList;
			buildConfigurations = (
				7602651B1BFA140F00144CA3 /* Debug */,
				7602651C1BFA140F00144CA3 /* Release */,
			);
			defaultConfigurationIsVisible = 0;
			defaultConfigurationName = Release;
		};
		7602651D1BFA140F00144CA3 /* Build configuration list for PBXNativeTarget "TENFacebook" */ = {
			isa = XCConfigurationList;
			buildConfigurations = (
				7602651E1BFA140F00144CA3 /* Debug */,
				7602651F1BFA140F00144CA3 /* Release */,
			);
			defaultConfigurationIsVisible = 0;
		};
/* End XCConfigurationList section */
	};
	rootObject = 760265031BFA140F00144CA3 /* Project object */;
}
